// !$*UTF8*$!
{
	archiveVersion = 1;
	classes = {
	};
	objectVersion = 51;
	objects = {

/* Begin PBXBuildFile section */
		3804038A087B267FAC60DE0C /* Pods_CoconutTests.framework in Frameworks */ = {isa = PBXBuildFile; fileRef = 7DE2CF8746EFE5FCD2A334CB /* Pods_CoconutTests.framework */; };
		8A8FEAF626BE46CD90DEB837 /* Pods_Coconut.framework in Frameworks */ = {isa = PBXBuildFile; fileRef = 8B6D38F1D626A178D6B15B8D /* Pods_Coconut.framework */; };
		C0198A2726C6D19E00AF1FC8 /* LiveChatSummaryView.swift in Sources */ = {isa = PBXBuildFile; fileRef = C0198A2626C6D19E00AF1FC8 /* LiveChatSummaryView.swift */; };
		C024F8DE26C8277D0054A8B3 /* LiveChatSummaryViewModel.swift in Sources */ = {isa = PBXBuildFile; fileRef = C024F8DD26C8277D0054A8B3 /* LiveChatSummaryViewModel.swift */; };
		C024F8E026C833260054A8B3 /* LiveChatSummaryModel.swift in Sources */ = {isa = PBXBuildFile; fileRef = C024F8DF26C833260054A8B3 /* LiveChatSummaryModel.swift */; };
		C024F8E226C8408B0054A8B3 /* LiveChatSessionViewModel.swift in Sources */ = {isa = PBXBuildFile; fileRef = C024F8E126C8408B0054A8B3 /* LiveChatSessionViewModel.swift */; };
		C02ADF2326D277C000905E3A /* SettingTabView.swift in Sources */ = {isa = PBXBuildFile; fileRef = C02ADF2226D277C000905E3A /* SettingTabView.swift */; };
		C0693C3F26DE802B0023FADF /* SearchViewModel.swift in Sources */ = {isa = PBXBuildFile; fileRef = C0693C3E26DE802B0023FADF /* SearchViewModel.swift */; };
		C0850D7526CB243A003E782E /* LiveChatSessionPersonInfoModel.swift in Sources */ = {isa = PBXBuildFile; fileRef = C0850D7426CB243A003E782E /* LiveChatSessionPersonInfoModel.swift */; };
		C0850D7826CB25B8003E782E /* PersonInfo.swift in Sources */ = {isa = PBXBuildFile; fileRef = C0850D7726CB25B8003E782E /* PersonInfo.swift */; };
		C0850D7B26CB2C12003E782E /* ChatView.swift in Sources */ = {isa = PBXBuildFile; fileRef = C0850D7A26CB2C12003E782E /* ChatView.swift */; };
		C09F0D2826C6C5E8006BC57B /* LiveChatSessionView.swift in Sources */ = {isa = PBXBuildFile; fileRef = C09F0D2726C6C5E8006BC57B /* LiveChatSessionView.swift */; };
		C09F0D2A26C6C8D7006BC57B /* PersonImageNameLastMessageView.swift in Sources */ = {isa = PBXBuildFile; fileRef = C09F0D2926C6C8D7006BC57B /* PersonImageNameLastMessageView.swift */; };
		C0A41F6926CFC88C008C273B /* TextField+extension.swift in Sources */ = {isa = PBXBuildFile; fileRef = C0A41F6826CFC88C008C273B /* TextField+extension.swift */; };
		C0A77C8B26C43EE9006B364D /* ChatTabView.swift in Sources */ = {isa = PBXBuildFile; fileRef = C0A77C8A26C43EE9006B364D /* ChatTabView.swift */; };
		C0B9DD5626DBA423005BC51C /* ImageView.swift in Sources */ = {isa = PBXBuildFile; fileRef = C0B9DD5526DBA423005BC51C /* ImageView.swift */; };
		C0B9DD5826DBB6E6005BC51C /* String+extension.swift in Sources */ = {isa = PBXBuildFile; fileRef = C0B9DD5726DBB6E6005BC51C /* String+extension.swift */; };
		C0BB61A326D91E3E006F442D /* SignupButton.swift in Sources */ = {isa = PBXBuildFile; fileRef = C0BB61A226D91E3E006F442D /* SignupButton.swift */; };
		C0BB61A526D91E67006F442D /* NameTextField.swift in Sources */ = {isa = PBXBuildFile; fileRef = C0BB61A426D91E67006F442D /* NameTextField.swift */; };
		C0BB61A726D91ECB006F442D /* SignupProfileImageView.swift in Sources */ = {isa = PBXBuildFile; fileRef = C0BB61A626D91ECB006F442D /* SignupProfileImageView.swift */; };
		C0BB61AF26D9238D006F442D /* PasswordTextField.swift in Sources */ = {isa = PBXBuildFile; fileRef = C0BB61AE26D9238D006F442D /* PasswordTextField.swift */; };
		C0BB61B126D924E5006F442D /* EmailTextField.swift in Sources */ = {isa = PBXBuildFile; fileRef = C0BB61B026D924E5006F442D /* EmailTextField.swift */; };
		C0BB61B426D92569006F442D /* EmailTextField.swift in Sources */ = {isa = PBXBuildFile; fileRef = C0BB61B226D92569006F442D /* EmailTextField.swift */; };
		C0BB61B526D92569006F442D /* PasswordTextField.swift in Sources */ = {isa = PBXBuildFile; fileRef = C0BB61B326D92569006F442D /* PasswordTextField.swift */; };
		C0BB61B726D94C53006F442D /* SigninViewModel.swift in Sources */ = {isa = PBXBuildFile; fileRef = C0BB61B626D94C53006F442D /* SigninViewModel.swift */; };
		C0BB61BA26D97777006F442D /* SigninButton.swift in Sources */ = {isa = PBXBuildFile; fileRef = C0BB61B926D97777006F442D /* SigninButton.swift */; };
		C0BB88B526D3C3720061D96E /* GoogleService-Info.plist in Resources */ = {isa = PBXBuildFile; fileRef = C0BB88B426D3C3720061D96E /* GoogleService-Info.plist */; };
		C0BF24D526CAC08000CFCC35 /* ChatTabViewModel.swift in Sources */ = {isa = PBXBuildFile; fileRef = C0BF24D426CAC08000CFCC35 /* ChatTabViewModel.swift */; };
		C0C5058126D40451008081D9 /* SignupView.swift in Sources */ = {isa = PBXBuildFile; fileRef = C0C5058026D403C3008081D9 /* SignupView.swift */; };
		C0C5058226D40C8A008081D9 /* SignInView.swift in Sources */ = {isa = PBXBuildFile; fileRef = C0BB88B726D3D0550061D96E /* SignInView.swift */; };
		C0C8086026D7862E00D249E4 /* DatabaseManager.swift in Sources */ = {isa = PBXBuildFile; fileRef = C0C8085F26D7862E00D249E4 /* DatabaseManager.swift */; };
		C0C8086226D79C0900D249E4 /* MessageModel.swift in Sources */ = {isa = PBXBuildFile; fileRef = C0C8086126D79C0900D249E4 /* MessageModel.swift */; };
		C0DDC55E26C0674700535A06 /* CoconutApp.swift in Sources */ = {isa = PBXBuildFile; fileRef = C0DDC55D26C0674700535A06 /* CoconutApp.swift */; };
		C0DDC56026C0674700535A06 /* HomeView.swift in Sources */ = {isa = PBXBuildFile; fileRef = C0DDC55F26C0674700535A06 /* HomeView.swift */; };
		C0DDC56226C0674900535A06 /* Assets.xcassets in Resources */ = {isa = PBXBuildFile; fileRef = C0DDC56126C0674900535A06 /* Assets.xcassets */; };
		C0DDC56526C0674900535A06 /* Preview Assets.xcassets in Resources */ = {isa = PBXBuildFile; fileRef = C0DDC56426C0674900535A06 /* Preview Assets.xcassets */; };
		C0DDC57026C0674900535A06 /* CoconutTests.swift in Sources */ = {isa = PBXBuildFile; fileRef = C0DDC56F26C0674900535A06 /* CoconutTests.swift */; };
		C0DDC57B26C0674900535A06 /* CoconutUITests.swift in Sources */ = {isa = PBXBuildFile; fileRef = C0DDC57A26C0674900535A06 /* CoconutUITests.swift */; };
		C0DE3F9D26D4F79500CC1F1C /* SignupViewModel.swift in Sources */ = {isa = PBXBuildFile; fileRef = C0DE3F9C26D4F79500CC1F1C /* SignupViewModel.swift */; };
		C0DE3F9F26D5015C00CC1F1C /* UserModel.swift in Sources */ = {isa = PBXBuildFile; fileRef = C0DE3F9E26D5015C00CC1F1C /* UserModel.swift */; };
		C0E2087626DA177A000B905C /* Encodeable+extension.swift in Sources */ = {isa = PBXBuildFile; fileRef = C0E2087526DA177A000B905C /* Encodeable+extension.swift */; };
		C0E2087826DA792C000B905C /* Error+extension.swift in Sources */ = {isa = PBXBuildFile; fileRef = C0E2087726DA792C000B905C /* Error+extension.swift */; };
		C0E492B526DBFB5400C66412 /* SearchView.swift in Sources */ = {isa = PBXBuildFile; fileRef = C0E492B426DBFB5400C66412 /* SearchView.swift */; };
		C0E492B726DC0B6D00C66412 /* SearchResultModel.swift in Sources */ = {isa = PBXBuildFile; fileRef = C0E492B626DC0B6D00C66412 /* SearchResultModel.swift */; };
		C0E492B926DCD60F00C66412 /* ConversationModel.swift in Sources */ = {isa = PBXBuildFile; fileRef = C0E492B826DCD60F00C66412 /* ConversationModel.swift */; };
		C0E7B33626C1714C00D70C7D /* Color+extension.swift in Sources */ = {isa = PBXBuildFile; fileRef = C0E7B33526C1714C00D70C7D /* Color+extension.swift */; };
		C0E7B33926C1770600D70C7D /* ScrollView+extension.swift in Sources */ = {isa = PBXBuildFile; fileRef = C0E7B33826C1770600D70C7D /* ScrollView+extension.swift */; };
		C0E7B33B26C178F200D70C7D /* View+extension.swift in Sources */ = {isa = PBXBuildFile; fileRef = C0E7B33A26C178F200D70C7D /* View+extension.swift */; };
		C0E90CCE26CAA2680074734C /* LiveChatSessionModel.swift in Sources */ = {isa = PBXBuildFile; fileRef = C0E90CCD26CAA2680074734C /* LiveChatSessionModel.swift */; };
		C0E90CD026CAACD40074734C /* PersonImageNameStatusViewModel.swift in Sources */ = {isa = PBXBuildFile; fileRef = C0E90CCF26CAACD40074734C /* PersonImageNameStatusViewModel.swift */; };
		C0E9333826DAA066005212E3 /* ImagePicker.swift in Sources */ = {isa = PBXBuildFile; fileRef = C0E9333726DAA066005212E3 /* ImagePicker.swift */; };
		C0E9333A26DAB439005212E3 /* StorageManager.swift in Sources */ = {isa = PBXBuildFile; fileRef = C0E9333926DAB439005212E3 /* StorageManager.swift */; };
		C0EC668426D7E86A00CB2BBB /* ChatViewModel.swift in Sources */ = {isa = PBXBuildFile; fileRef = C0EC668326D7E86A00CB2BBB /* ChatViewModel.swift */; };
		C0F08BF226C2E074003F7236 /* MustMeetsContentView.swift in Sources */ = {isa = PBXBuildFile; fileRef = C0F08BF126C2E074003F7236 /* MustMeetsContentView.swift */; };
		C0F08BF426C2E107003F7236 /* ChatRequestContentView.swift in Sources */ = {isa = PBXBuildFile; fileRef = C0F08BF326C2E107003F7236 /* ChatRequestContentView.swift */; };
		C0FEFDAD26C1A3E9008F362B /* List+extension.swift in Sources */ = {isa = PBXBuildFile; fileRef = C0FEFDAC26C1A3E9008F362B /* List+extension.swift */; };
		DA1CCA65FB0D72F15C39D0F6 /* Pods_Coconut_CoconutUITests.framework in Frameworks */ = {isa = PBXBuildFile; fileRef = 9F061CC87CFD9366E8087950 /* Pods_Coconut_CoconutUITests.framework */; };
/* End PBXBuildFile section */

/* Begin PBXContainerItemProxy section */
		C0DDC56C26C0674900535A06 /* PBXContainerItemProxy */ = {
			isa = PBXContainerItemProxy;
			containerPortal = C0DDC55226C0674700535A06 /* Project object */;
			proxyType = 1;
			remoteGlobalIDString = C0DDC55926C0674700535A06;
			remoteInfo = Coconut;
		};
		C0DDC57726C0674900535A06 /* PBXContainerItemProxy */ = {
			isa = PBXContainerItemProxy;
			containerPortal = C0DDC55226C0674700535A06 /* Project object */;
			proxyType = 1;
			remoteGlobalIDString = C0DDC55926C0674700535A06;
			remoteInfo = Coconut;
		};
/* End PBXContainerItemProxy section */

/* Begin PBXFileReference section */
		01DC420149C1411542A942A3 /* Pods-Coconut.release.xcconfig */ = {isa = PBXFileReference; includeInIndex = 1; lastKnownFileType = text.xcconfig; name = "Pods-Coconut.release.xcconfig"; path = "Target Support Files/Pods-Coconut/Pods-Coconut.release.xcconfig"; sourceTree = "<group>"; };
		1EDD971F7C226497001D6883 /* Pods-CoconutTests.release.xcconfig */ = {isa = PBXFileReference; includeInIndex = 1; lastKnownFileType = text.xcconfig; name = "Pods-CoconutTests.release.xcconfig"; path = "Target Support Files/Pods-CoconutTests/Pods-CoconutTests.release.xcconfig"; sourceTree = "<group>"; };
		372EE29DD4E4E1B49606E839 /* Pods-Coconut-CoconutUITests.debug.xcconfig */ = {isa = PBXFileReference; includeInIndex = 1; lastKnownFileType = text.xcconfig; name = "Pods-Coconut-CoconutUITests.debug.xcconfig"; path = "Target Support Files/Pods-Coconut-CoconutUITests/Pods-Coconut-CoconutUITests.debug.xcconfig"; sourceTree = "<group>"; };
		7DE2CF8746EFE5FCD2A334CB /* Pods_CoconutTests.framework */ = {isa = PBXFileReference; explicitFileType = wrapper.framework; includeInIndex = 0; path = Pods_CoconutTests.framework; sourceTree = BUILT_PRODUCTS_DIR; };
		8A688D7E07F93B3CBEFAF3A1 /* Pods-Coconut.debug.xcconfig */ = {isa = PBXFileReference; includeInIndex = 1; lastKnownFileType = text.xcconfig; name = "Pods-Coconut.debug.xcconfig"; path = "Target Support Files/Pods-Coconut/Pods-Coconut.debug.xcconfig"; sourceTree = "<group>"; };
		8B6D38F1D626A178D6B15B8D /* Pods_Coconut.framework */ = {isa = PBXFileReference; explicitFileType = wrapper.framework; includeInIndex = 0; path = Pods_Coconut.framework; sourceTree = BUILT_PRODUCTS_DIR; };
		9F061CC87CFD9366E8087950 /* Pods_Coconut_CoconutUITests.framework */ = {isa = PBXFileReference; explicitFileType = wrapper.framework; includeInIndex = 0; path = Pods_Coconut_CoconutUITests.framework; sourceTree = BUILT_PRODUCTS_DIR; };
		C0198A2626C6D19E00AF1FC8 /* LiveChatSummaryView.swift */ = {isa = PBXFileReference; lastKnownFileType = sourcecode.swift; path = LiveChatSummaryView.swift; sourceTree = "<group>"; };
		C024F8DD26C8277D0054A8B3 /* LiveChatSummaryViewModel.swift */ = {isa = PBXFileReference; lastKnownFileType = sourcecode.swift; path = LiveChatSummaryViewModel.swift; sourceTree = "<group>"; };
		C024F8DF26C833260054A8B3 /* LiveChatSummaryModel.swift */ = {isa = PBXFileReference; lastKnownFileType = sourcecode.swift; path = LiveChatSummaryModel.swift; sourceTree = "<group>"; };
		C024F8E126C8408B0054A8B3 /* LiveChatSessionViewModel.swift */ = {isa = PBXFileReference; lastKnownFileType = sourcecode.swift; path = LiveChatSessionViewModel.swift; sourceTree = "<group>"; };
		C02ADF2226D277C000905E3A /* SettingTabView.swift */ = {isa = PBXFileReference; lastKnownFileType = sourcecode.swift; path = SettingTabView.swift; sourceTree = "<group>"; };
		C0693C3E26DE802B0023FADF /* SearchViewModel.swift */ = {isa = PBXFileReference; lastKnownFileType = sourcecode.swift; path = SearchViewModel.swift; sourceTree = "<group>"; };
		C0850D7426CB243A003E782E /* LiveChatSessionPersonInfoModel.swift */ = {isa = PBXFileReference; lastKnownFileType = sourcecode.swift; path = LiveChatSessionPersonInfoModel.swift; sourceTree = "<group>"; };
		C0850D7726CB25B8003E782E /* PersonInfo.swift */ = {isa = PBXFileReference; lastKnownFileType = sourcecode.swift; path = PersonInfo.swift; sourceTree = "<group>"; };
		C0850D7A26CB2C12003E782E /* ChatView.swift */ = {isa = PBXFileReference; lastKnownFileType = sourcecode.swift; path = ChatView.swift; sourceTree = "<group>"; };
		C09F0D2726C6C5E8006BC57B /* LiveChatSessionView.swift */ = {isa = PBXFileReference; lastKnownFileType = sourcecode.swift; path = LiveChatSessionView.swift; sourceTree = "<group>"; };
		C09F0D2926C6C8D7006BC57B /* PersonImageNameLastMessageView.swift */ = {isa = PBXFileReference; lastKnownFileType = sourcecode.swift; path = PersonImageNameLastMessageView.swift; sourceTree = "<group>"; };
		C0A41F6826CFC88C008C273B /* TextField+extension.swift */ = {isa = PBXFileReference; fileEncoding = 4; lastKnownFileType = sourcecode.swift; path = "TextField+extension.swift"; sourceTree = "<group>"; };
		C0A77C8A26C43EE9006B364D /* ChatTabView.swift */ = {isa = PBXFileReference; lastKnownFileType = sourcecode.swift; path = ChatTabView.swift; sourceTree = "<group>"; };
		C0B9DD5526DBA423005BC51C /* ImageView.swift */ = {isa = PBXFileReference; lastKnownFileType = sourcecode.swift; path = ImageView.swift; sourceTree = "<group>"; };
		C0B9DD5726DBB6E6005BC51C /* String+extension.swift */ = {isa = PBXFileReference; lastKnownFileType = sourcecode.swift; path = "String+extension.swift"; sourceTree = "<group>"; };
		C0BB61A226D91E3E006F442D /* SignupButton.swift */ = {isa = PBXFileReference; lastKnownFileType = sourcecode.swift; path = SignupButton.swift; sourceTree = "<group>"; };
		C0BB61A426D91E67006F442D /* NameTextField.swift */ = {isa = PBXFileReference; lastKnownFileType = sourcecode.swift; path = NameTextField.swift; sourceTree = "<group>"; };
		C0BB61A626D91ECB006F442D /* SignupProfileImageView.swift */ = {isa = PBXFileReference; lastKnownFileType = sourcecode.swift; path = SignupProfileImageView.swift; sourceTree = "<group>"; };
		C0BB61AE26D9238D006F442D /* PasswordTextField.swift */ = {isa = PBXFileReference; lastKnownFileType = sourcecode.swift; path = PasswordTextField.swift; sourceTree = "<group>"; };
		C0BB61B026D924E5006F442D /* EmailTextField.swift */ = {isa = PBXFileReference; lastKnownFileType = sourcecode.swift; path = EmailTextField.swift; sourceTree = "<group>"; };
		C0BB61B226D92569006F442D /* EmailTextField.swift */ = {isa = PBXFileReference; lastKnownFileType = sourcecode.swift; name = EmailTextField.swift; path = "Coconut/Source Code/View/SignIn/SubViews/EmailTextField.swift"; sourceTree = SOURCE_ROOT; };
		C0BB61B326D92569006F442D /* PasswordTextField.swift */ = {isa = PBXFileReference; lastKnownFileType = sourcecode.swift; name = PasswordTextField.swift; path = "Coconut/Source Code/View/SignIn/SubViews/PasswordTextField.swift"; sourceTree = SOURCE_ROOT; };
		C0BB61B626D94C53006F442D /* SigninViewModel.swift */ = {isa = PBXFileReference; lastKnownFileType = sourcecode.swift; path = SigninViewModel.swift; sourceTree = "<group>"; };
		C0BB61B926D97777006F442D /* SigninButton.swift */ = {isa = PBXFileReference; lastKnownFileType = sourcecode.swift; path = SigninButton.swift; sourceTree = "<group>"; };
		C0BB88B426D3C3720061D96E /* GoogleService-Info.plist */ = {isa = PBXFileReference; fileEncoding = 4; lastKnownFileType = text.plist.xml; path = "GoogleService-Info.plist"; sourceTree = "<group>"; };
		C0BB88B726D3D0550061D96E /* SignInView.swift */ = {isa = PBXFileReference; lastKnownFileType = sourcecode.swift; path = SignInView.swift; sourceTree = "<group>"; };
		C0BF24D426CAC08000CFCC35 /* ChatTabViewModel.swift */ = {isa = PBXFileReference; lastKnownFileType = sourcecode.swift; path = ChatTabViewModel.swift; sourceTree = "<group>"; };
		C0C5058026D403C3008081D9 /* SignupView.swift */ = {isa = PBXFileReference; lastKnownFileType = sourcecode.swift; path = SignupView.swift; sourceTree = "<group>"; };
		C0C8085F26D7862E00D249E4 /* DatabaseManager.swift */ = {isa = PBXFileReference; lastKnownFileType = sourcecode.swift; path = DatabaseManager.swift; sourceTree = "<group>"; };
		C0C8086126D79C0900D249E4 /* MessageModel.swift */ = {isa = PBXFileReference; lastKnownFileType = sourcecode.swift; path = MessageModel.swift; sourceTree = "<group>"; };
		C0DDC55A26C0674700535A06 /* Coconut.app */ = {isa = PBXFileReference; explicitFileType = wrapper.application; includeInIndex = 0; path = Coconut.app; sourceTree = BUILT_PRODUCTS_DIR; };
		C0DDC55D26C0674700535A06 /* CoconutApp.swift */ = {isa = PBXFileReference; lastKnownFileType = sourcecode.swift; path = CoconutApp.swift; sourceTree = "<group>"; };
		C0DDC55F26C0674700535A06 /* HomeView.swift */ = {isa = PBXFileReference; lastKnownFileType = sourcecode.swift; path = HomeView.swift; sourceTree = "<group>"; };
		C0DDC56126C0674900535A06 /* Assets.xcassets */ = {isa = PBXFileReference; lastKnownFileType = folder.assetcatalog; path = Assets.xcassets; sourceTree = "<group>"; };
		C0DDC56426C0674900535A06 /* Preview Assets.xcassets */ = {isa = PBXFileReference; lastKnownFileType = folder.assetcatalog; path = "Preview Assets.xcassets"; sourceTree = "<group>"; };
		C0DDC56626C0674900535A06 /* Info.plist */ = {isa = PBXFileReference; lastKnownFileType = text.plist.xml; path = Info.plist; sourceTree = "<group>"; };
		C0DDC56B26C0674900535A06 /* CoconutTests.xctest */ = {isa = PBXFileReference; explicitFileType = wrapper.cfbundle; includeInIndex = 0; path = CoconutTests.xctest; sourceTree = BUILT_PRODUCTS_DIR; };
		C0DDC56F26C0674900535A06 /* CoconutTests.swift */ = {isa = PBXFileReference; lastKnownFileType = sourcecode.swift; path = CoconutTests.swift; sourceTree = "<group>"; };
		C0DDC57126C0674900535A06 /* Info.plist */ = {isa = PBXFileReference; lastKnownFileType = text.plist.xml; path = Info.plist; sourceTree = "<group>"; };
		C0DDC57626C0674900535A06 /* CoconutUITests.xctest */ = {isa = PBXFileReference; explicitFileType = wrapper.cfbundle; includeInIndex = 0; path = CoconutUITests.xctest; sourceTree = BUILT_PRODUCTS_DIR; };
		C0DDC57A26C0674900535A06 /* CoconutUITests.swift */ = {isa = PBXFileReference; lastKnownFileType = sourcecode.swift; path = CoconutUITests.swift; sourceTree = "<group>"; };
		C0DDC57C26C0674900535A06 /* Info.plist */ = {isa = PBXFileReference; lastKnownFileType = text.plist.xml; path = Info.plist; sourceTree = "<group>"; };
		C0DE3F9C26D4F79500CC1F1C /* SignupViewModel.swift */ = {isa = PBXFileReference; lastKnownFileType = sourcecode.swift; path = SignupViewModel.swift; sourceTree = "<group>"; };
		C0DE3F9E26D5015C00CC1F1C /* UserModel.swift */ = {isa = PBXFileReference; lastKnownFileType = sourcecode.swift; path = UserModel.swift; sourceTree = "<group>"; };
		C0E2087526DA177A000B905C /* Encodeable+extension.swift */ = {isa = PBXFileReference; lastKnownFileType = sourcecode.swift; path = "Encodeable+extension.swift"; sourceTree = "<group>"; };
		C0E2087726DA792C000B905C /* Error+extension.swift */ = {isa = PBXFileReference; lastKnownFileType = sourcecode.swift; path = "Error+extension.swift"; sourceTree = "<group>"; };
		C0E492B426DBFB5400C66412 /* SearchView.swift */ = {isa = PBXFileReference; lastKnownFileType = sourcecode.swift; path = SearchView.swift; sourceTree = "<group>"; };
		C0E492B626DC0B6D00C66412 /* SearchResultModel.swift */ = {isa = PBXFileReference; lastKnownFileType = sourcecode.swift; path = SearchResultModel.swift; sourceTree = "<group>"; };
		C0E492B826DCD60F00C66412 /* ConversationModel.swift */ = {isa = PBXFileReference; lastKnownFileType = sourcecode.swift; path = ConversationModel.swift; sourceTree = "<group>"; };
		C0E7B33526C1714C00D70C7D /* Color+extension.swift */ = {isa = PBXFileReference; lastKnownFileType = sourcecode.swift; path = "Color+extension.swift"; sourceTree = "<group>"; };
		C0E7B33826C1770600D70C7D /* ScrollView+extension.swift */ = {isa = PBXFileReference; lastKnownFileType = sourcecode.swift; path = "ScrollView+extension.swift"; sourceTree = "<group>"; };
		C0E7B33A26C178F200D70C7D /* View+extension.swift */ = {isa = PBXFileReference; lastKnownFileType = sourcecode.swift; path = "View+extension.swift"; sourceTree = "<group>"; };
		C0E90CCD26CAA2680074734C /* LiveChatSessionModel.swift */ = {isa = PBXFileReference; lastKnownFileType = sourcecode.swift; path = LiveChatSessionModel.swift; sourceTree = "<group>"; };
		C0E90CCF26CAACD40074734C /* PersonImageNameStatusViewModel.swift */ = {isa = PBXFileReference; lastKnownFileType = sourcecode.swift; path = PersonImageNameStatusViewModel.swift; sourceTree = "<group>"; };
		C0E9333726DAA066005212E3 /* ImagePicker.swift */ = {isa = PBXFileReference; lastKnownFileType = sourcecode.swift; path = ImagePicker.swift; sourceTree = "<group>"; };
		C0E9333926DAB439005212E3 /* StorageManager.swift */ = {isa = PBXFileReference; lastKnownFileType = sourcecode.swift; path = StorageManager.swift; sourceTree = "<group>"; };
		C0EC668326D7E86A00CB2BBB /* ChatViewModel.swift */ = {isa = PBXFileReference; lastKnownFileType = sourcecode.swift; path = ChatViewModel.swift; sourceTree = "<group>"; };
		C0F08BF126C2E074003F7236 /* MustMeetsContentView.swift */ = {isa = PBXFileReference; lastKnownFileType = sourcecode.swift; path = MustMeetsContentView.swift; sourceTree = "<group>"; };
		C0F08BF326C2E107003F7236 /* ChatRequestContentView.swift */ = {isa = PBXFileReference; lastKnownFileType = sourcecode.swift; path = ChatRequestContentView.swift; sourceTree = "<group>"; };
		C0FEFDAC26C1A3E9008F362B /* List+extension.swift */ = {isa = PBXFileReference; lastKnownFileType = sourcecode.swift; path = "List+extension.swift"; sourceTree = "<group>"; };
		C9FD65DC389B5A7F36E498B6 /* Pods-Coconut-CoconutUITests.release.xcconfig */ = {isa = PBXFileReference; includeInIndex = 1; lastKnownFileType = text.xcconfig; name = "Pods-Coconut-CoconutUITests.release.xcconfig"; path = "Target Support Files/Pods-Coconut-CoconutUITests/Pods-Coconut-CoconutUITests.release.xcconfig"; sourceTree = "<group>"; };
		CA42D9B020B6B3E8498D808C /* Pods-CoconutTests.debug.xcconfig */ = {isa = PBXFileReference; includeInIndex = 1; lastKnownFileType = text.xcconfig; name = "Pods-CoconutTests.debug.xcconfig"; path = "Target Support Files/Pods-CoconutTests/Pods-CoconutTests.debug.xcconfig"; sourceTree = "<group>"; };
/* End PBXFileReference section */

/* Begin PBXFrameworksBuildPhase section */
		C0DDC55726C0674700535A06 /* Frameworks */ = {
			isa = PBXFrameworksBuildPhase;
			buildActionMask = 2147483647;
			files = (
				8A8FEAF626BE46CD90DEB837 /* Pods_Coconut.framework in Frameworks */,
			);
			runOnlyForDeploymentPostprocessing = 0;
		};
		C0DDC56826C0674900535A06 /* Frameworks */ = {
			isa = PBXFrameworksBuildPhase;
			buildActionMask = 2147483647;
			files = (
				3804038A087B267FAC60DE0C /* Pods_CoconutTests.framework in Frameworks */,
			);
			runOnlyForDeploymentPostprocessing = 0;
		};
		C0DDC57326C0674900535A06 /* Frameworks */ = {
			isa = PBXFrameworksBuildPhase;
			buildActionMask = 2147483647;
			files = (
				DA1CCA65FB0D72F15C39D0F6 /* Pods_Coconut_CoconutUITests.framework in Frameworks */,
			);
			runOnlyForDeploymentPostprocessing = 0;
		};
/* End PBXFrameworksBuildPhase section */

/* Begin PBXGroup section */
		840BB3F8734FCCF47124A624 /* Frameworks */ = {
			isa = PBXGroup;
			children = (
				8B6D38F1D626A178D6B15B8D /* Pods_Coconut.framework */,
				9F061CC87CFD9366E8087950 /* Pods_Coconut_CoconutUITests.framework */,
				7DE2CF8746EFE5FCD2A334CB /* Pods_CoconutTests.framework */,
			);
			name = Frameworks;
			sourceTree = "<group>";
		};
		A042CA5BDD75BFDC2FA78114 /* Pods */ = {
			isa = PBXGroup;
			children = (
				8A688D7E07F93B3CBEFAF3A1 /* Pods-Coconut.debug.xcconfig */,
				01DC420149C1411542A942A3 /* Pods-Coconut.release.xcconfig */,
				372EE29DD4E4E1B49606E839 /* Pods-Coconut-CoconutUITests.debug.xcconfig */,
				C9FD65DC389B5A7F36E498B6 /* Pods-Coconut-CoconutUITests.release.xcconfig */,
				CA42D9B020B6B3E8498D808C /* Pods-CoconutTests.debug.xcconfig */,
				1EDD971F7C226497001D6883 /* Pods-CoconutTests.release.xcconfig */,
			);
			path = Pods;
			sourceTree = "<group>";
		};
		C02ADF1A26D2750D00905E3A /* View */ = {
			isa = PBXGroup;
			children = (
				C0E9333626DAA055005212E3 /* Global */,
				C0BB88B626D3CD1A0061D96E /* SignIn */,
				C0C5057F26D403B1008081D9 /* SignUp */,
				C02ADF2126D2778300905E3A /* Setting Tab */,
				C0E2087326DA1522000B905C /* Home Tab */,
				C02ADF1D26D2756200905E3A /* Chat Tab */,
			);
			path = View;
			sourceTree = "<group>";
		};
		C02ADF1B26D2751400905E3A /* ViewModel */ = {
			isa = PBXGroup;
			children = (
				C0BB61B826D94C59006F442D /* SignIn */,
				C0DE3F9B26D4F78300CC1F1C /* SignUp */,
				C02ADF1E26D2756E00905E3A /* Chat Tab */,
			);
			path = ViewModel;
			sourceTree = "<group>";
		};
		C02ADF1C26D2752000905E3A /* Model */ = {
			isa = PBXGroup;
			children = (
				C0850D7626CB2588003E782E /* Global */,
				C02ADF1F26D2757F00905E3A /* Chat Tab */,
			);
			path = Model;
			sourceTree = "<group>";
		};
		C02ADF1D26D2756200905E3A /* Chat Tab */ = {
			isa = PBXGroup;
			children = (
				C0E492B326DBFB4400C66412 /* Search */,
				C0850D7C26CB8FFF003E782E /* Chat */,
				C0A77C8A26C43EE9006B364D /* ChatTabView.swift */,
				C09F0D2726C6C5E8006BC57B /* LiveChatSessionView.swift */,
				C09F0D2926C6C8D7006BC57B /* PersonImageNameLastMessageView.swift */,
				C0198A2626C6D19E00AF1FC8 /* LiveChatSummaryView.swift */,
			);
			path = "Chat Tab";
			sourceTree = "<group>";
		};
		C02ADF1E26D2756E00905E3A /* Chat Tab */ = {
			isa = PBXGroup;
			children = (
				C0693C3C26DE80170023FADF /* Search */,
				C0693C3B26DE80110023FADF /* Chat */,
				C0BF24D426CAC08000CFCC35 /* ChatTabViewModel.swift */,
				C024F8E126C8408B0054A8B3 /* LiveChatSessionViewModel.swift */,
				C0E90CCF26CAACD40074734C /* PersonImageNameStatusViewModel.swift */,
				C024F8DD26C8277D0054A8B3 /* LiveChatSummaryViewModel.swift */,
			);
			path = "Chat Tab";
			sourceTree = "<group>";
		};
		C02ADF1F26D2757F00905E3A /* Chat Tab */ = {
			isa = PBXGroup;
			children = (
				C0693C3A26DE7FC10023FADF /* Search */,
				C0693C3926DE7ED40023FADF /* Chat */,
				C0E90CCD26CAA2680074734C /* LiveChatSessionModel.swift */,
				C0850D7426CB243A003E782E /* LiveChatSessionPersonInfoModel.swift */,
				C024F8DF26C833260054A8B3 /* LiveChatSummaryModel.swift */,
				C0E492B826DCD60F00C66412 /* ConversationModel.swift */,
			);
			path = "Chat Tab";
			sourceTree = "<group>";
		};
		C02ADF2126D2778300905E3A /* Setting Tab */ = {
			isa = PBXGroup;
			children = (
				C02ADF2226D277C000905E3A /* SettingTabView.swift */,
			);
			path = "Setting Tab";
			sourceTree = "<group>";
		};
		C0693C3926DE7ED40023FADF /* Chat */ = {
			isa = PBXGroup;
			children = (
				C0C8086126D79C0900D249E4 /* MessageModel.swift */,
			);
			path = Chat;
			sourceTree = "<group>";
		};
		C0693C3A26DE7FC10023FADF /* Search */ = {
			isa = PBXGroup;
			children = (
				C0E492B626DC0B6D00C66412 /* SearchResultModel.swift */,
			);
			path = Search;
			sourceTree = "<group>";
		};
		C0693C3B26DE80110023FADF /* Chat */ = {
			isa = PBXGroup;
			children = (
				C0EC668326D7E86A00CB2BBB /* ChatViewModel.swift */,
			);
			path = Chat;
			sourceTree = "<group>";
		};
		C0693C3C26DE80170023FADF /* Search */ = {
			isa = PBXGroup;
			children = (
				C0693C3E26DE802B0023FADF /* SearchViewModel.swift */,
			);
			path = Search;
			sourceTree = "<group>";
		};
		C0850D7226CB21F5003E782E /* Source Code */ = {
			isa = PBXGroup;
			children = (
				C0DDC55D26C0674700535A06 /* CoconutApp.swift */,
				C02ADF1C26D2752000905E3A /* Model */,
				C02ADF1A26D2750D00905E3A /* View */,
				C02ADF1B26D2751400905E3A /* ViewModel */,
				C0C8085E26D7859A00D249E4 /* Managers */,
				C0E7B33726C171DB00D70C7D /* Extentions */,
			);
			path = "Source Code";
			sourceTree = "<group>";
		};
		C0850D7326CB2266003E782E /* Resources */ = {
			isa = PBXGroup;
			children = (
				C0BB88B426D3C3720061D96E /* GoogleService-Info.plist */,
				C0DDC56126C0674900535A06 /* Assets.xcassets */,
			);
			path = Resources;
			sourceTree = "<group>";
		};
		C0850D7626CB2588003E782E /* Global */ = {
			isa = PBXGroup;
			children = (
				C0850D7726CB25B8003E782E /* PersonInfo.swift */,
				C0DE3F9E26D5015C00CC1F1C /* UserModel.swift */,
			);
			path = Global;
			sourceTree = "<group>";
		};
		C0850D7C26CB8FFF003E782E /* Chat */ = {
			isa = PBXGroup;
			children = (
				C0850D7A26CB2C12003E782E /* ChatView.swift */,
			);
			path = Chat;
			sourceTree = "<group>";
		};
		C0BB61A026D91E07006F442D /* SubViews */ = {
			isa = PBXGroup;
			children = (
				C0BB61A626D91ECB006F442D /* SignupProfileImageView.swift */,
				C0BB61A426D91E67006F442D /* NameTextField.swift */,
				C0BB61B226D92569006F442D /* EmailTextField.swift */,
				C0BB61B326D92569006F442D /* PasswordTextField.swift */,
				C0BB61A226D91E3E006F442D /* SignupButton.swift */,
			);
			path = SubViews;
			sourceTree = "<group>";
		};
		C0BB61A826D921B3006F442D /* SubViews */ = {
			isa = PBXGroup;
			children = (
				C0BB61AE26D9238D006F442D /* PasswordTextField.swift */,
				C0BB61B026D924E5006F442D /* EmailTextField.swift */,
				C0BB61B926D97777006F442D /* SigninButton.swift */,
			);
			path = SubViews;
			sourceTree = "<group>";
		};
		C0BB61B826D94C59006F442D /* SignIn */ = {
			isa = PBXGroup;
			children = (
				C0BB61B626D94C53006F442D /* SigninViewModel.swift */,
			);
			path = SignIn;
			sourceTree = "<group>";
		};
		C0BB88B626D3CD1A0061D96E /* SignIn */ = {
			isa = PBXGroup;
			children = (
				C0BB88B726D3D0550061D96E /* SignInView.swift */,
				C0BB61A826D921B3006F442D /* SubViews */,
			);
			path = SignIn;
			sourceTree = "<group>";
		};
		C0C5057F26D403B1008081D9 /* SignUp */ = {
			isa = PBXGroup;
			children = (
				C0C5058026D403C3008081D9 /* SignupView.swift */,
				C0BB61A026D91E07006F442D /* SubViews */,
			);
			path = SignUp;
			sourceTree = "<group>";
		};
		C0C8085E26D7859A00D249E4 /* Managers */ = {
			isa = PBXGroup;
			children = (
				C0C8085F26D7862E00D249E4 /* DatabaseManager.swift */,
				C0E9333926DAB439005212E3 /* StorageManager.swift */,
			);
			path = Managers;
			sourceTree = "<group>";
		};
		C0DDC55126C0674700535A06 = {
			isa = PBXGroup;
			children = (
				C0DDC55C26C0674700535A06 /* Coconut */,
				C0DDC56E26C0674900535A06 /* CoconutTests */,
				C0DDC57926C0674900535A06 /* CoconutUITests */,
				C0DDC55B26C0674700535A06 /* Products */,
				A042CA5BDD75BFDC2FA78114 /* Pods */,
				840BB3F8734FCCF47124A624 /* Frameworks */,
			);
			sourceTree = "<group>";
		};
		C0DDC55B26C0674700535A06 /* Products */ = {
			isa = PBXGroup;
			children = (
				C0DDC55A26C0674700535A06 /* Coconut.app */,
				C0DDC56B26C0674900535A06 /* CoconutTests.xctest */,
				C0DDC57626C0674900535A06 /* CoconutUITests.xctest */,
			);
			name = Products;
			sourceTree = "<group>";
		};
		C0DDC55C26C0674700535A06 /* Coconut */ = {
			isa = PBXGroup;
			children = (
				C0850D7226CB21F5003E782E /* Source Code */,
				C0850D7326CB2266003E782E /* Resources */,
				C0DDC56326C0674900535A06 /* Preview Content */,
				C0DDC56626C0674900535A06 /* Info.plist */,
			);
			path = Coconut;
			sourceTree = "<group>";
		};
		C0DDC56326C0674900535A06 /* Preview Content */ = {
			isa = PBXGroup;
			children = (
				C0DDC56426C0674900535A06 /* Preview Assets.xcassets */,
			);
			path = "Preview Content";
			sourceTree = "<group>";
		};
		C0DDC56E26C0674900535A06 /* CoconutTests */ = {
			isa = PBXGroup;
			children = (
				C0DDC56F26C0674900535A06 /* CoconutTests.swift */,
				C0DDC57126C0674900535A06 /* Info.plist */,
			);
			path = CoconutTests;
			sourceTree = "<group>";
		};
		C0DDC57926C0674900535A06 /* CoconutUITests */ = {
			isa = PBXGroup;
			children = (
				C0DDC57A26C0674900535A06 /* CoconutUITests.swift */,
				C0DDC57C26C0674900535A06 /* Info.plist */,
			);
			path = CoconutUITests;
			sourceTree = "<group>";
		};
		C0DE3F9B26D4F78300CC1F1C /* SignUp */ = {
			isa = PBXGroup;
			children = (
				C0DE3F9C26D4F79500CC1F1C /* SignupViewModel.swift */,
			);
			path = SignUp;
			sourceTree = "<group>";
		};
		C0E2087326DA1522000B905C /* Home Tab */ = {
			isa = PBXGroup;
			children = (
				C0DDC55F26C0674700535A06 /* HomeView.swift */,
				C0E2087426DA1547000B905C /* SubViews */,
			);
			path = "Home Tab";
			sourceTree = "<group>";
		};
		C0E2087426DA1547000B905C /* SubViews */ = {
			isa = PBXGroup;
			children = (
				C0F08BF326C2E107003F7236 /* ChatRequestContentView.swift */,
				C0F08BF126C2E074003F7236 /* MustMeetsContentView.swift */,
			);
			path = SubViews;
			sourceTree = "<group>";
		};
		C0E492B326DBFB4400C66412 /* Search */ = {
			isa = PBXGroup;
			children = (
				C0E492B426DBFB5400C66412 /* SearchView.swift */,
			);
			path = Search;
			sourceTree = "<group>";
		};
		C0E7B33726C171DB00D70C7D /* Extentions */ = {
			isa = PBXGroup;
			children = (
				C0A41F6826CFC88C008C273B /* TextField+extension.swift */,
				C0E7B33526C1714C00D70C7D /* Color+extension.swift */,
				C0E7B33826C1770600D70C7D /* ScrollView+extension.swift */,
				C0E7B33A26C178F200D70C7D /* View+extension.swift */,
				C0FEFDAC26C1A3E9008F362B /* List+extension.swift */,
				C0E2087526DA177A000B905C /* Encodeable+extension.swift */,
				C0E2087726DA792C000B905C /* Error+extension.swift */,
				C0B9DD5726DBB6E6005BC51C /* String+extension.swift */,
			);
			path = Extentions;
			sourceTree = "<group>";
		};
		C0E9333626DAA055005212E3 /* Global */ = {
			isa = PBXGroup;
			children = (
				C0E9333726DAA066005212E3 /* ImagePicker.swift */,
				C0B9DD5526DBA423005BC51C /* ImageView.swift */,
			);
			path = Global;
			sourceTree = "<group>";
		};
/* End PBXGroup section */

/* Begin PBXNativeTarget section */
		C0DDC55926C0674700535A06 /* Coconut */ = {
			isa = PBXNativeTarget;
			buildConfigurationList = C0DDC57F26C0674900535A06 /* Build configuration list for PBXNativeTarget "Coconut" */;
			buildPhases = (
				693908F36BFE8C008F35F013 /* [CP] Check Pods Manifest.lock */,
				C0DDC55626C0674700535A06 /* Sources */,
				C0DDC55726C0674700535A06 /* Frameworks */,
				C0DDC55826C0674700535A06 /* Resources */,
				32875A43B94E994F182574FA /* [CP] Embed Pods Frameworks */,
			);
			buildRules = (
			);
			dependencies = (
			);
			name = Coconut;
			productName = Coconut;
			productReference = C0DDC55A26C0674700535A06 /* Coconut.app */;
			productType = "com.apple.product-type.application";
		};
		C0DDC56A26C0674900535A06 /* CoconutTests */ = {
			isa = PBXNativeTarget;
			buildConfigurationList = C0DDC58226C0674900535A06 /* Build configuration list for PBXNativeTarget "CoconutTests" */;
			buildPhases = (
				10F76272116970C9468984E0 /* [CP] Check Pods Manifest.lock */,
				C0DDC56726C0674900535A06 /* Sources */,
				C0DDC56826C0674900535A06 /* Frameworks */,
				C0DDC56926C0674900535A06 /* Resources */,
			);
			buildRules = (
			);
			dependencies = (
				C0DDC56D26C0674900535A06 /* PBXTargetDependency */,
			);
			name = CoconutTests;
			productName = CoconutTests;
			productReference = C0DDC56B26C0674900535A06 /* CoconutTests.xctest */;
			productType = "com.apple.product-type.bundle.unit-test";
		};
		C0DDC57526C0674900535A06 /* CoconutUITests */ = {
			isa = PBXNativeTarget;
			buildConfigurationList = C0DDC58526C0674900535A06 /* Build configuration list for PBXNativeTarget "CoconutUITests" */;
			buildPhases = (
				61E8B51614BE78AAC6FAB8EF /* [CP] Check Pods Manifest.lock */,
				C0DDC57226C0674900535A06 /* Sources */,
				C0DDC57326C0674900535A06 /* Frameworks */,
				C0DDC57426C0674900535A06 /* Resources */,
				8C2348222F9B32478E202180 /* [CP] Embed Pods Frameworks */,
			);
			buildRules = (
			);
			dependencies = (
				C0DDC57826C0674900535A06 /* PBXTargetDependency */,
			);
			name = CoconutUITests;
			productName = CoconutUITests;
			productReference = C0DDC57626C0674900535A06 /* CoconutUITests.xctest */;
			productType = "com.apple.product-type.bundle.ui-testing";
		};
/* End PBXNativeTarget section */

/* Begin PBXProject section */
		C0DDC55226C0674700535A06 /* Project object */ = {
			isa = PBXProject;
			attributes = {
				LastSwiftUpdateCheck = 1250;
				LastUpgradeCheck = 1250;
				TargetAttributes = {
					C0DDC55926C0674700535A06 = {
						CreatedOnToolsVersion = 12.5;
					};
					C0DDC56A26C0674900535A06 = {
						CreatedOnToolsVersion = 12.5;
						TestTargetID = C0DDC55926C0674700535A06;
					};
					C0DDC57526C0674900535A06 = {
						CreatedOnToolsVersion = 12.5;
						TestTargetID = C0DDC55926C0674700535A06;
					};
				};
			};
			buildConfigurationList = C0DDC55526C0674700535A06 /* Build configuration list for PBXProject "Coconut" */;
			compatibilityVersion = "Xcode 9.3";
			developmentRegion = en;
			hasScannedForEncodings = 0;
			knownRegions = (
				en,
				Base,
			);
			mainGroup = C0DDC55126C0674700535A06;
			productRefGroup = C0DDC55B26C0674700535A06 /* Products */;
			projectDirPath = "";
			projectRoot = "";
			targets = (
				C0DDC55926C0674700535A06 /* Coconut */,
				C0DDC56A26C0674900535A06 /* CoconutTests */,
				C0DDC57526C0674900535A06 /* CoconutUITests */,
			);
		};
/* End PBXProject section */

/* Begin PBXResourcesBuildPhase section */
		C0DDC55826C0674700535A06 /* Resources */ = {
			isa = PBXResourcesBuildPhase;
			buildActionMask = 2147483647;
			files = (
				C0DDC56526C0674900535A06 /* Preview Assets.xcassets in Resources */,
				C0DDC56226C0674900535A06 /* Assets.xcassets in Resources */,
				C0BB88B526D3C3720061D96E /* GoogleService-Info.plist in Resources */,
			);
			runOnlyForDeploymentPostprocessing = 0;
		};
		C0DDC56926C0674900535A06 /* Resources */ = {
			isa = PBXResourcesBuildPhase;
			buildActionMask = 2147483647;
			files = (
			);
			runOnlyForDeploymentPostprocessing = 0;
		};
		C0DDC57426C0674900535A06 /* Resources */ = {
			isa = PBXResourcesBuildPhase;
			buildActionMask = 2147483647;
			files = (
			);
			runOnlyForDeploymentPostprocessing = 0;
		};
/* End PBXResourcesBuildPhase section */

/* Begin PBXShellScriptBuildPhase section */
		10F76272116970C9468984E0 /* [CP] Check Pods Manifest.lock */ = {
			isa = PBXShellScriptBuildPhase;
			buildActionMask = 2147483647;
			files = (
			);
			inputFileListPaths = (
			);
			inputPaths = (
				"${PODS_PODFILE_DIR_PATH}/Podfile.lock",
				"${PODS_ROOT}/Manifest.lock",
			);
			name = "[CP] Check Pods Manifest.lock";
			outputFileListPaths = (
			);
			outputPaths = (
				"$(DERIVED_FILE_DIR)/Pods-CoconutTests-checkManifestLockResult.txt",
			);
			runOnlyForDeploymentPostprocessing = 0;
			shellPath = /bin/sh;
			shellScript = "diff \"${PODS_PODFILE_DIR_PATH}/Podfile.lock\" \"${PODS_ROOT}/Manifest.lock\" > /dev/null\nif [ $? != 0 ] ; then\n    # print error to STDERR\n    echo \"error: The sandbox is not in sync with the Podfile.lock. Run 'pod install' or update your CocoaPods installation.\" >&2\n    exit 1\nfi\n# This output is used by Xcode 'outputs' to avoid re-running this script phase.\necho \"SUCCESS\" > \"${SCRIPT_OUTPUT_FILE_0}\"\n";
			showEnvVarsInLog = 0;
		};
		32875A43B94E994F182574FA /* [CP] Embed Pods Frameworks */ = {
			isa = PBXShellScriptBuildPhase;
			buildActionMask = 2147483647;
			files = (
			);
			inputFileListPaths = (
				"${PODS_ROOT}/Target Support Files/Pods-Coconut/Pods-Coconut-frameworks-${CONFIGURATION}-input-files.xcfilelist",
			);
			name = "[CP] Embed Pods Frameworks";
			outputFileListPaths = (
				"${PODS_ROOT}/Target Support Files/Pods-Coconut/Pods-Coconut-frameworks-${CONFIGURATION}-output-files.xcfilelist",
			);
			runOnlyForDeploymentPostprocessing = 0;
			shellPath = /bin/sh;
			shellScript = "\"${PODS_ROOT}/Target Support Files/Pods-Coconut/Pods-Coconut-frameworks.sh\"\n";
			showEnvVarsInLog = 0;
		};
		61E8B51614BE78AAC6FAB8EF /* [CP] Check Pods Manifest.lock */ = {
			isa = PBXShellScriptBuildPhase;
			buildActionMask = 2147483647;
			files = (
			);
			inputFileListPaths = (
			);
			inputPaths = (
				"${PODS_PODFILE_DIR_PATH}/Podfile.lock",
				"${PODS_ROOT}/Manifest.lock",
			);
			name = "[CP] Check Pods Manifest.lock";
			outputFileListPaths = (
			);
			outputPaths = (
				"$(DERIVED_FILE_DIR)/Pods-Coconut-CoconutUITests-checkManifestLockResult.txt",
			);
			runOnlyForDeploymentPostprocessing = 0;
			shellPath = /bin/sh;
			shellScript = "diff \"${PODS_PODFILE_DIR_PATH}/Podfile.lock\" \"${PODS_ROOT}/Manifest.lock\" > /dev/null\nif [ $? != 0 ] ; then\n    # print error to STDERR\n    echo \"error: The sandbox is not in sync with the Podfile.lock. Run 'pod install' or update your CocoaPods installation.\" >&2\n    exit 1\nfi\n# This output is used by Xcode 'outputs' to avoid re-running this script phase.\necho \"SUCCESS\" > \"${SCRIPT_OUTPUT_FILE_0}\"\n";
			showEnvVarsInLog = 0;
		};
		693908F36BFE8C008F35F013 /* [CP] Check Pods Manifest.lock */ = {
			isa = PBXShellScriptBuildPhase;
			buildActionMask = 2147483647;
			files = (
			);
			inputFileListPaths = (
			);
			inputPaths = (
				"${PODS_PODFILE_DIR_PATH}/Podfile.lock",
				"${PODS_ROOT}/Manifest.lock",
			);
			name = "[CP] Check Pods Manifest.lock";
			outputFileListPaths = (
			);
			outputPaths = (
				"$(DERIVED_FILE_DIR)/Pods-Coconut-checkManifestLockResult.txt",
			);
			runOnlyForDeploymentPostprocessing = 0;
			shellPath = /bin/sh;
			shellScript = "diff \"${PODS_PODFILE_DIR_PATH}/Podfile.lock\" \"${PODS_ROOT}/Manifest.lock\" > /dev/null\nif [ $? != 0 ] ; then\n    # print error to STDERR\n    echo \"error: The sandbox is not in sync with the Podfile.lock. Run 'pod install' or update your CocoaPods installation.\" >&2\n    exit 1\nfi\n# This output is used by Xcode 'outputs' to avoid re-running this script phase.\necho \"SUCCESS\" > \"${SCRIPT_OUTPUT_FILE_0}\"\n";
			showEnvVarsInLog = 0;
		};
		8C2348222F9B32478E202180 /* [CP] Embed Pods Frameworks */ = {
			isa = PBXShellScriptBuildPhase;
			buildActionMask = 2147483647;
			files = (
			);
			inputFileListPaths = (
				"${PODS_ROOT}/Target Support Files/Pods-Coconut-CoconutUITests/Pods-Coconut-CoconutUITests-frameworks-${CONFIGURATION}-input-files.xcfilelist",
			);
			name = "[CP] Embed Pods Frameworks";
			outputFileListPaths = (
				"${PODS_ROOT}/Target Support Files/Pods-Coconut-CoconutUITests/Pods-Coconut-CoconutUITests-frameworks-${CONFIGURATION}-output-files.xcfilelist",
			);
			runOnlyForDeploymentPostprocessing = 0;
			shellPath = /bin/sh;
			shellScript = "\"${PODS_ROOT}/Target Support Files/Pods-Coconut-CoconutUITests/Pods-Coconut-CoconutUITests-frameworks.sh\"\n";
			showEnvVarsInLog = 0;
		};
/* End PBXShellScriptBuildPhase section */

/* Begin PBXSourcesBuildPhase section */
		C0DDC55626C0674700535A06 /* Sources */ = {
			isa = PBXSourcesBuildPhase;
			buildActionMask = 2147483647;
			files = (
				C0C8086226D79C0900D249E4 /* MessageModel.swift in Sources */,
				C0E7B33B26C178F200D70C7D /* View+extension.swift in Sources */,
				C0BB61B126D924E5006F442D /* EmailTextField.swift in Sources */,
				C0E9333826DAA066005212E3 /* ImagePicker.swift in Sources */,
				C0B9DD5626DBA423005BC51C /* ImageView.swift in Sources */,
				C024F8E226C8408B0054A8B3 /* LiveChatSessionViewModel.swift in Sources */,
				C0DDC56026C0674700535A06 /* HomeView.swift in Sources */,
				C0F08BF426C2E107003F7236 /* ChatRequestContentView.swift in Sources */,
				C0850D7B26CB2C12003E782E /* ChatView.swift in Sources */,
				C0BB61AF26D9238D006F442D /* PasswordTextField.swift in Sources */,
				C0850D7526CB243A003E782E /* LiveChatSessionPersonInfoModel.swift in Sources */,
				C0E90CCE26CAA2680074734C /* LiveChatSessionModel.swift in Sources */,
				C0850D7826CB25B8003E782E /* PersonInfo.swift in Sources */,
				C0E90CD026CAACD40074734C /* PersonImageNameStatusViewModel.swift in Sources */,
				C0C5058226D40C8A008081D9 /* SignInView.swift in Sources */,
				C0BF24D526CAC08000CFCC35 /* ChatTabViewModel.swift in Sources */,
				C0A77C8B26C43EE9006B364D /* ChatTabView.swift in Sources */,
				C0E7B33626C1714C00D70C7D /* Color+extension.swift in Sources */,
				C0198A2726C6D19E00AF1FC8 /* LiveChatSummaryView.swift in Sources */,
				C0DE3F9D26D4F79500CC1F1C /* SignupViewModel.swift in Sources */,
				C0BB61A326D91E3E006F442D /* SignupButton.swift in Sources */,
				C0DDC55E26C0674700535A06 /* CoconutApp.swift in Sources */,
				C0BB61B726D94C53006F442D /* SigninViewModel.swift in Sources */,
				C0DE3F9F26D5015C00CC1F1C /* UserModel.swift in Sources */,
				C0BB61B526D92569006F442D /* PasswordTextField.swift in Sources */,
				C0E2087626DA177A000B905C /* Encodeable+extension.swift in Sources */,
				C0B9DD5826DBB6E6005BC51C /* String+extension.swift in Sources */,
				C02ADF2326D277C000905E3A /* SettingTabView.swift in Sources */,
				C0BB61A726D91ECB006F442D /* SignupProfileImageView.swift in Sources */,
				C0C5058126D40451008081D9 /* SignupView.swift in Sources */,
				C09F0D2A26C6C8D7006BC57B /* PersonImageNameLastMessageView.swift in Sources */,
				C0C8086026D7862E00D249E4 /* DatabaseManager.swift in Sources */,
				C0A41F6926CFC88C008C273B /* TextField+extension.swift in Sources */,
				C0BB61A526D91E67006F442D /* NameTextField.swift in Sources */,
				C0E9333A26DAB439005212E3 /* StorageManager.swift in Sources */,
				C0E7B33926C1770600D70C7D /* ScrollView+extension.swift in Sources */,
				C0693C3F26DE802B0023FADF /* SearchViewModel.swift in Sources */,
				C0E492B526DBFB5400C66412 /* SearchView.swift in Sources */,
				C0BB61BA26D97777006F442D /* SigninButton.swift in Sources */,
				C0E2087826DA792C000B905C /* Error+extension.swift in Sources */,
				C024F8DE26C8277D0054A8B3 /* LiveChatSummaryViewModel.swift in Sources */,
				C024F8E026C833260054A8B3 /* LiveChatSummaryModel.swift in Sources */,
				C0FEFDAD26C1A3E9008F362B /* List+extension.swift in Sources */,
				C0E492B726DC0B6D00C66412 /* SearchResultModel.swift in Sources */,
				C0BB61B426D92569006F442D /* EmailTextField.swift in Sources */,
				C09F0D2826C6C5E8006BC57B /* LiveChatSessionView.swift in Sources */,
				C0EC668426D7E86A00CB2BBB /* ChatViewModel.swift in Sources */,
				C0E492B926DCD60F00C66412 /* ConversationModel.swift in Sources */,
				C0F08BF226C2E074003F7236 /* MustMeetsContentView.swift in Sources */,
			);
			runOnlyForDeploymentPostprocessing = 0;
		};
		C0DDC56726C0674900535A06 /* Sources */ = {
			isa = PBXSourcesBuildPhase;
			buildActionMask = 2147483647;
			files = (
				C0DDC57026C0674900535A06 /* CoconutTests.swift in Sources */,
			);
			runOnlyForDeploymentPostprocessing = 0;
		};
		C0DDC57226C0674900535A06 /* Sources */ = {
			isa = PBXSourcesBuildPhase;
			buildActionMask = 2147483647;
			files = (
				C0DDC57B26C0674900535A06 /* CoconutUITests.swift in Sources */,
			);
			runOnlyForDeploymentPostprocessing = 0;
		};
/* End PBXSourcesBuildPhase section */

/* Begin PBXTargetDependency section */
		C0DDC56D26C0674900535A06 /* PBXTargetDependency */ = {
			isa = PBXTargetDependency;
			target = C0DDC55926C0674700535A06 /* Coconut */;
			targetProxy = C0DDC56C26C0674900535A06 /* PBXContainerItemProxy */;
		};
		C0DDC57826C0674900535A06 /* PBXTargetDependency */ = {
			isa = PBXTargetDependency;
			target = C0DDC55926C0674700535A06 /* Coconut */;
			targetProxy = C0DDC57726C0674900535A06 /* PBXContainerItemProxy */;
		};
/* End PBXTargetDependency section */

/* Begin XCBuildConfiguration section */
		C0DDC57D26C0674900535A06 /* Debug */ = {
			isa = XCBuildConfiguration;
			buildSettings = {
				ALWAYS_SEARCH_USER_PATHS = NO;
				CLANG_ANALYZER_NONNULL = YES;
				CLANG_ANALYZER_NUMBER_OBJECT_CONVERSION = YES_AGGRESSIVE;
				CLANG_CXX_LANGUAGE_STANDARD = "gnu++14";
				CLANG_CXX_LIBRARY = "libc++";
				CLANG_ENABLE_MODULES = YES;
				CLANG_ENABLE_OBJC_ARC = YES;
				CLANG_ENABLE_OBJC_WEAK = YES;
				CLANG_WARN_BLOCK_CAPTURE_AUTORELEASING = YES;
				CLANG_WARN_BOOL_CONVERSION = YES;
				CLANG_WARN_COMMA = YES;
				CLANG_WARN_CONSTANT_CONVERSION = YES;
				CLANG_WARN_DEPRECATED_OBJC_IMPLEMENTATIONS = YES;
				CLANG_WARN_DIRECT_OBJC_ISA_USAGE = YES_ERROR;
				CLANG_WARN_DOCUMENTATION_COMMENTS = YES;
				CLANG_WARN_EMPTY_BODY = YES;
				CLANG_WARN_ENUM_CONVERSION = YES;
				CLANG_WARN_INFINITE_RECURSION = YES;
				CLANG_WARN_INT_CONVERSION = YES;
				CLANG_WARN_NON_LITERAL_NULL_CONVERSION = YES;
				CLANG_WARN_OBJC_IMPLICIT_RETAIN_SELF = YES;
				CLANG_WARN_OBJC_LITERAL_CONVERSION = YES;
				CLANG_WARN_OBJC_ROOT_CLASS = YES_ERROR;
				CLANG_WARN_QUOTED_INCLUDE_IN_FRAMEWORK_HEADER = YES;
				CLANG_WARN_RANGE_LOOP_ANALYSIS = YES;
				CLANG_WARN_STRICT_PROTOTYPES = YES;
				CLANG_WARN_SUSPICIOUS_MOVE = YES;
				CLANG_WARN_UNGUARDED_AVAILABILITY = YES_AGGRESSIVE;
				CLANG_WARN_UNREACHABLE_CODE = YES;
				CLANG_WARN__DUPLICATE_METHOD_MATCH = YES;
				COPY_PHASE_STRIP = NO;
				DEBUG_INFORMATION_FORMAT = dwarf;
				ENABLE_STRICT_OBJC_MSGSEND = YES;
				ENABLE_TESTABILITY = YES;
				GCC_C_LANGUAGE_STANDARD = gnu11;
				GCC_DYNAMIC_NO_PIC = NO;
				GCC_NO_COMMON_BLOCKS = YES;
				GCC_OPTIMIZATION_LEVEL = 0;
				GCC_PREPROCESSOR_DEFINITIONS = (
					"DEBUG=1",
					"$(inherited)",
				);
				GCC_WARN_64_TO_32_BIT_CONVERSION = YES;
				GCC_WARN_ABOUT_RETURN_TYPE = YES_ERROR;
				GCC_WARN_UNDECLARED_SELECTOR = YES;
				GCC_WARN_UNINITIALIZED_AUTOS = YES_AGGRESSIVE;
				GCC_WARN_UNUSED_FUNCTION = YES;
				GCC_WARN_UNUSED_VARIABLE = YES;
				IPHONEOS_DEPLOYMENT_TARGET = 14.1;
				MTL_ENABLE_DEBUG_INFO = INCLUDE_SOURCE;
				MTL_FAST_MATH = YES;
				ONLY_ACTIVE_ARCH = YES;
				SDKROOT = iphoneos;
				SWIFT_ACTIVE_COMPILATION_CONDITIONS = DEBUG;
				SWIFT_OPTIMIZATION_LEVEL = "-Onone";
			};
			name = Debug;
		};
		C0DDC57E26C0674900535A06 /* Release */ = {
			isa = XCBuildConfiguration;
			buildSettings = {
				ALWAYS_SEARCH_USER_PATHS = NO;
				CLANG_ANALYZER_NONNULL = YES;
				CLANG_ANALYZER_NUMBER_OBJECT_CONVERSION = YES_AGGRESSIVE;
				CLANG_CXX_LANGUAGE_STANDARD = "gnu++14";
				CLANG_CXX_LIBRARY = "libc++";
				CLANG_ENABLE_MODULES = YES;
				CLANG_ENABLE_OBJC_ARC = YES;
				CLANG_ENABLE_OBJC_WEAK = YES;
				CLANG_WARN_BLOCK_CAPTURE_AUTORELEASING = YES;
				CLANG_WARN_BOOL_CONVERSION = YES;
				CLANG_WARN_COMMA = YES;
				CLANG_WARN_CONSTANT_CONVERSION = YES;
				CLANG_WARN_DEPRECATED_OBJC_IMPLEMENTATIONS = YES;
				CLANG_WARN_DIRECT_OBJC_ISA_USAGE = YES_ERROR;
				CLANG_WARN_DOCUMENTATION_COMMENTS = YES;
				CLANG_WARN_EMPTY_BODY = YES;
				CLANG_WARN_ENUM_CONVERSION = YES;
				CLANG_WARN_INFINITE_RECURSION = YES;
				CLANG_WARN_INT_CONVERSION = YES;
				CLANG_WARN_NON_LITERAL_NULL_CONVERSION = YES;
				CLANG_WARN_OBJC_IMPLICIT_RETAIN_SELF = YES;
				CLANG_WARN_OBJC_LITERAL_CONVERSION = YES;
				CLANG_WARN_OBJC_ROOT_CLASS = YES_ERROR;
				CLANG_WARN_QUOTED_INCLUDE_IN_FRAMEWORK_HEADER = YES;
				CLANG_WARN_RANGE_LOOP_ANALYSIS = YES;
				CLANG_WARN_STRICT_PROTOTYPES = YES;
				CLANG_WARN_SUSPICIOUS_MOVE = YES;
				CLANG_WARN_UNGUARDED_AVAILABILITY = YES_AGGRESSIVE;
				CLANG_WARN_UNREACHABLE_CODE = YES;
				CLANG_WARN__DUPLICATE_METHOD_MATCH = YES;
				COPY_PHASE_STRIP = NO;
				DEBUG_INFORMATION_FORMAT = "dwarf-with-dsym";
				ENABLE_NS_ASSERTIONS = NO;
				ENABLE_STRICT_OBJC_MSGSEND = YES;
				GCC_C_LANGUAGE_STANDARD = gnu11;
				GCC_NO_COMMON_BLOCKS = YES;
				GCC_WARN_64_TO_32_BIT_CONVERSION = YES;
				GCC_WARN_ABOUT_RETURN_TYPE = YES_ERROR;
				GCC_WARN_UNDECLARED_SELECTOR = YES;
				GCC_WARN_UNINITIALIZED_AUTOS = YES_AGGRESSIVE;
				GCC_WARN_UNUSED_FUNCTION = YES;
				GCC_WARN_UNUSED_VARIABLE = YES;
				IPHONEOS_DEPLOYMENT_TARGET = 14.1;
				MTL_ENABLE_DEBUG_INFO = NO;
				MTL_FAST_MATH = YES;
				SDKROOT = iphoneos;
				SWIFT_COMPILATION_MODE = wholemodule;
				SWIFT_OPTIMIZATION_LEVEL = "-O";
				VALIDATE_PRODUCT = YES;
			};
			name = Release;
		};
		C0DDC58026C0674900535A06 /* Debug */ = {
			isa = XCBuildConfiguration;
			baseConfigurationReference = 8A688D7E07F93B3CBEFAF3A1 /* Pods-Coconut.debug.xcconfig */;
			buildSettings = {
				ASSETCATALOG_COMPILER_APPICON_NAME = AppIcon;
				ASSETCATALOG_COMPILER_GLOBAL_ACCENT_COLOR_NAME = AccentColor;
				CODE_SIGN_STYLE = Automatic;
				DEVELOPMENT_ASSET_PATHS = "\"Coconut/Preview Content\"";
				DEVELOPMENT_TEAM = P7PPJZH7GM;
				ENABLE_PREVIEWS = YES;
				INFOPLIST_FILE = Coconut/Info.plist;
				IPHONEOS_DEPLOYMENT_TARGET = 14.1;
				LD_RUNPATH_SEARCH_PATHS = (
					"$(inherited)",
					"@executable_path/Frameworks",
				);
				PRODUCT_BUNDLE_IDENTIFIER = com.Coconut.CoconutApp;
				PRODUCT_NAME = "$(TARGET_NAME)";
				SWIFT_VERSION = 5.0;
				TARGETED_DEVICE_FAMILY = "1,2";
			};
			name = Debug;
		};
		C0DDC58126C0674900535A06 /* Release */ = {
			isa = XCBuildConfiguration;
			baseConfigurationReference = 01DC420149C1411542A942A3 /* Pods-Coconut.release.xcconfig */;
			buildSettings = {
				ASSETCATALOG_COMPILER_APPICON_NAME = AppIcon;
				ASSETCATALOG_COMPILER_GLOBAL_ACCENT_COLOR_NAME = AccentColor;
				CODE_SIGN_STYLE = Automatic;
				DEVELOPMENT_ASSET_PATHS = "\"Coconut/Preview Content\"";
				DEVELOPMENT_TEAM = P7PPJZH7GM;
				ENABLE_PREVIEWS = YES;
				INFOPLIST_FILE = Coconut/Info.plist;
				IPHONEOS_DEPLOYMENT_TARGET = 14.1;
				LD_RUNPATH_SEARCH_PATHS = (
					"$(inherited)",
					"@executable_path/Frameworks",
				);
				PRODUCT_BUNDLE_IDENTIFIER = com.Coconut.CoconutApp;
				PRODUCT_NAME = "$(TARGET_NAME)";
				SWIFT_VERSION = 5.0;
				TARGETED_DEVICE_FAMILY = "1,2";
			};
			name = Release;
		};
		C0DDC58326C0674900535A06 /* Debug */ = {
			isa = XCBuildConfiguration;
			baseConfigurationReference = CA42D9B020B6B3E8498D808C /* Pods-CoconutTests.debug.xcconfig */;
			buildSettings = {
				ALWAYS_EMBED_SWIFT_STANDARD_LIBRARIES = YES;
				BUNDLE_LOADER = "$(TEST_HOST)";
				CODE_SIGN_STYLE = Automatic;
				DEVELOPMENT_TEAM = P7PPJZH7GM;
				INFOPLIST_FILE = CoconutTests/Info.plist;
				IPHONEOS_DEPLOYMENT_TARGET = 14.0;
				LD_RUNPATH_SEARCH_PATHS = (
					"$(inherited)",
					"@executable_path/Frameworks",
					"@loader_path/Frameworks",
				);
				PRODUCT_BUNDLE_IDENTIFIER = com.CoconutTests;
				PRODUCT_NAME = "$(TARGET_NAME)";
				SWIFT_VERSION = 5.0;
				TARGETED_DEVICE_FAMILY = "1,2";
				TEST_HOST = "$(BUILT_PRODUCTS_DIR)/Coconut.app/Coconut";
			};
			name = Debug;
		};
		C0DDC58426C0674900535A06 /* Release */ = {
			isa = XCBuildConfiguration;
			baseConfigurationReference = 1EDD971F7C226497001D6883 /* Pods-CoconutTests.release.xcconfig */;
			buildSettings = {
				ALWAYS_EMBED_SWIFT_STANDARD_LIBRARIES = YES;
				BUNDLE_LOADER = "$(TEST_HOST)";
				CODE_SIGN_STYLE = Automatic;
				DEVELOPMENT_TEAM = P7PPJZH7GM;
				INFOPLIST_FILE = CoconutTests/Info.plist;
				IPHONEOS_DEPLOYMENT_TARGET = 14.0;
				LD_RUNPATH_SEARCH_PATHS = (
					"$(inherited)",
					"@executable_path/Frameworks",
					"@loader_path/Frameworks",
				);
				PRODUCT_BUNDLE_IDENTIFIER = com.CoconutTests;
				PRODUCT_NAME = "$(TARGET_NAME)";
				SWIFT_VERSION = 5.0;
				TARGETED_DEVICE_FAMILY = "1,2";
				TEST_HOST = "$(BUILT_PRODUCTS_DIR)/Coconut.app/Coconut";
			};
			name = Release;
		};
		C0DDC58626C0674900535A06 /* Debug */ = {
			isa = XCBuildConfiguration;
			baseConfigurationReference = 372EE29DD4E4E1B49606E839 /* Pods-Coconut-CoconutUITests.debug.xcconfig */;
			buildSettings = {
				ALWAYS_EMBED_SWIFT_STANDARD_LIBRARIES = YES;
				CODE_SIGN_STYLE = Automatic;
				DEVELOPMENT_TEAM = P7PPJZH7GM;
				INFOPLIST_FILE = CoconutUITests/Info.plist;
				LD_RUNPATH_SEARCH_PATHS = (
					"$(inherited)",
					"@executable_path/Frameworks",
					"@loader_path/Frameworks",
				);
				PRODUCT_BUNDLE_IDENTIFIER = com.CoconutUITests;
				PRODUCT_NAME = "$(TARGET_NAME)";
				SWIFT_VERSION = 5.0;
				TARGETED_DEVICE_FAMILY = "1,2";
				TEST_TARGET_NAME = Coconut;
			};
			name = Debug;
		};
		C0DDC58726C0674900535A06 /* Release */ = {
			isa = XCBuildConfiguration;
			baseConfigurationReference = C9FD65DC389B5A7F36E498B6 /* Pods-Coconut-CoconutUITests.release.xcconfig */;
			buildSettings = {
				ALWAYS_EMBED_SWIFT_STANDARD_LIBRARIES = YES;
				CODE_SIGN_STYLE = Automatic;
				DEVELOPMENT_TEAM = P7PPJZH7GM;
				INFOPLIST_FILE = CoconutUITests/Info.plist;
				LD_RUNPATH_SEARCH_PATHS = (
					"$(inherited)",
					"@executable_path/Frameworks",
					"@loader_path/Frameworks",
				);
				PRODUCT_BUNDLE_IDENTIFIER = com.CoconutUITests;
				PRODUCT_NAME = "$(TARGET_NAME)";
				SWIFT_VERSION = 5.0;
				TARGETED_DEVICE_FAMILY = "1,2";
				TEST_TARGET_NAME = Coconut;
			};
			name = Release;
		};
/* End XCBuildConfiguration section */

/* Begin XCConfigurationList section */
		C0DDC55526C0674700535A06 /* Build configuration list for PBXProject "Coconut" */ = {
			isa = XCConfigurationList;
			buildConfigurations = (
				C0DDC57D26C0674900535A06 /* Debug */,
				C0DDC57E26C0674900535A06 /* Release */,
			);
			defaultConfigurationIsVisible = 0;
			defaultConfigurationName = Release;
		};
		C0DDC57F26C0674900535A06 /* Build configuration list for PBXNativeTarget "Coconut" */ = {
			isa = XCConfigurationList;
			buildConfigurations = (
				C0DDC58026C0674900535A06 /* Debug */,
				C0DDC58126C0674900535A06 /* Release */,
			);
			defaultConfigurationIsVisible = 0;
			defaultConfigurationName = Release;
		};
		C0DDC58226C0674900535A06 /* Build configuration list for PBXNativeTarget "CoconutTests" */ = {
			isa = XCConfigurationList;
			buildConfigurations = (
				C0DDC58326C0674900535A06 /* Debug */,
				C0DDC58426C0674900535A06 /* Release */,
			);
			defaultConfigurationIsVisible = 0;
			defaultConfigurationName = Release;
		};
		C0DDC58526C0674900535A06 /* Build configuration list for PBXNativeTarget "CoconutUITests" */ = {
			isa = XCConfigurationList;
			buildConfigurations = (
				C0DDC58626C0674900535A06 /* Debug */,
				C0DDC58726C0674900535A06 /* Release */,
			);
			defaultConfigurationIsVisible = 0;
			defaultConfigurationName = Release;
		};
/* End XCConfigurationList section */
	};
	rootObject = C0DDC55226C0674700535A06 /* Project object */;
}
